
Microsoft Visual Studio Solution File, Format Version 12.00
# Visual Studio Version 17
VisualStudioVersion = 17.5.33516.290
MinimumVisualStudioVersion = 10.0.40219.1
Project("{8BC9CEB8-8B4A-11D0-8D11-00A0C91BC942}") = "emulator", "emulator\emulator.vcxproj", "{A9F02793-712D-4602-BF3F-14473D492952}"
	ProjectSection(ProjectDependencies) = postProject
		{71772007-5110-418D-BE9C-FB102B6EAABF} = {71772007-5110-418D-BE9C-FB102B6EAABF}
	EndProjectSection
EndProject
Project("{8BC9CEB8-8B4A-11D0-8D11-00A0C91BC942}") = "fmt", "vstudioprj\fmt\fmt.vcxproj", "{71772007-5110-418D-BE9C-FB102B6EAABF}"
EndProject
Project("{2150E333-8FDC-42A3-9474-1A3956D46DE8}") = "3rdparty", "3rdparty", "{23D42BBC-3031-4224-ACAA-C1540F05AFCC}"
EndProject
Global
	GlobalSection(SolutionConfigurationPlatforms) = preSolution
		Debug|x64 = Debug|x64
		Release|x64 = Release|x64
	EndGlobalSection
	GlobalSection(ProjectConfigurationPlatforms) = postSolution
		{A9F02793-712D-4602-BF3F-14473D492952}.Debug|x64.ActiveCfg = Debug|x64
		{A9F02793-712D-4602-BF3F-14473D492952}.Debug|x64.Build.0 = Debug|x64
		{A9F02793-712D-4602-BF3F-14473D492952}.Release|x64.ActiveCfg = Release|x64
		{A9F02793-712D-4602-BF3F-14473D492952}.Release|x64.Build.0 = Release|x64
		{71772007-5110-418D-BE9C-FB102B6EAABF}.Debug|x64.ActiveCfg = Debug|x64
		{71772007-5110-418D-BE9C-FB102B6EAABF}.Debug|x64.Build.0 = Debug|x64
		{71772007-5110-418D-BE9C-FB102B6EAABF}.Release|x64.ActiveCfg = Release|x64
		{71772007-5110-418D-BE9C-FB102B6EAABF}.Release|x64.Build.0 = Release|x64
	EndGlobalSection
	GlobalSection(SolutionProperties) = preSolution
		HideSolutionNode = FALSE
	EndGlobalSection
	GlobalSection(NestedProjects) = preSolution
		{71772007-5110-418D-BE9C-FB102B6EAABF} = {23D42BBC-3031-4224-ACAA-C1540F05AFCC}
	EndGlobalSection
	GlobalSection(ExtensibilityGlobals) = postSolution
		SolutionGuid = {5ED4FBB3-A0BC-4244-B8FE-93A2BF2C1C9A}
	EndGlobalSection
EndGlobal
