
Microsoft Visual Studio Solution File, Format Version 12.00
# Visual Studio Version 17
VisualStudioVersion = 17.4.33213.308
MinimumVisualStudioVersion = 10.0.40219.1
Project("{8BC9CEB8-8B4A-11D0-8D11-00A0C91BC942}") = "pkgextract", "pkgextract.vcxproj", "{446E2603-4743-49E6-B4CB-56835155399E}"
EndProject
Global
	GlobalSection(SolutionConfigurationPlatforms) = preSolution
		Debug|x64 = Debug|x64
		Debug|x86 = Debug|x86
		Release|x64 = Release|x64
		Release|x86 = Release|x86
	EndGlobalSection
	GlobalSection(ProjectConfigurationPlatforms) = postSolution
		{446E2603-4743-49E6-B4CB-56835155399E}.Debug|x64.ActiveCfg = Debug|x64
		{446E2603-4743-49E6-B4CB-56835155399E}.Debug|x64.Build.0 = Debug|x64
		{446E2603-4743-49E6-B4CB-56835155399E}.Debug|x86.ActiveCfg = Debug|Win32
		{446E2603-4743-49E6-B4CB-56835155399E}.Debug|x86.Build.0 = Debug|Win32
		{446E2603-4743-49E6-B4CB-56835155399E}.Release|x64.ActiveCfg = Release|x64
		{446E2603-4743-49E6-B4CB-56835155399E}.Release|x64.Build.0 = Release|x64
		{446E2603-4743-49E6-B4CB-56835155399E}.Release|x86.ActiveCfg = Release|Win32
		{446E2603-4743-49E6-B4CB-56835155399E}.Release|x86.Build.0 = Release|Win32
	EndGlobalSection
	GlobalSection(SolutionProperties) = preSolution
		HideSolutionNode = FALSE
	EndGlobalSection
	GlobalSection(ExtensibilityGlobals) = postSolution
		SolutionGuid = {3DFF47CF-BF9E-4143-A8C0-8ED0C43581CB}
	EndGlobalSection
EndGlobal
