<?xml version="1.0" encoding="utf-8"?>
<Project ToolsVersion="4.0" xmlns="http://schemas.microsoft.com/developer/msbuild/2003">
  <ItemGroup>
    <Filter Include="Source Files">
      <UniqueIdentifier>{4FC737F1-C7A5-4376-A066-2A32D752A2FF}</UniqueIdentifier>
      <Extensions>qml;cpp;c;cc;cxx;def;odl;idl;hpj;bat;asm;asmx</Extensions>
    </Filter>
    <Filter Include="Header Files">
      <UniqueIdentifier>{93995380-89BD-4b04-88EB-625FBE52EBFB}</UniqueIdentifier>
      <Extensions>h;hh;hpp;hxx;hm;inl;inc;xsd</Extensions>
    </Filter>
    <Filter Include="Resource Files">
      <UniqueIdentifier>{67DA6AB6-F800-4c08-8B7A-83BB121AAD01}</UniqueIdentifier>
      <Extensions>qrc;rc;ico;cur;bmp;dlg;rc2;rct;bin;rgs;gif;jpg;jpeg;jpe;resx;tiff;tif;png;wav;mfcribbon-ms</Extensions>
    </Filter>
    <Filter Include="Form Files">
      <UniqueIdentifier>{99349809-55BA-4b9d-BF79-8FDBB0286EB3}</UniqueIdentifier>
      <Extensions>ui</Extensions>
    </Filter>
    <Filter Include="Translation Files">
      <UniqueIdentifier>{639EADAA-A684-42e4-A9AD-28FC9BCB8F7C}</UniqueIdentifier>
      <Extensions>ts</Extensions>
    </Filter>
    <Filter Include="gui">
      <UniqueIdentifier>{29ee17bd-9ad4-44e8-b1cd-b4be13ec6509}</UniqueIdentifier>
    </Filter>
    <Filter Include="Core">
      <UniqueIdentifier>{73d07238-8864-48b5-9987-e455fa73c82f}</UniqueIdentifier>
    </Filter>
    <Filter Include="emulator">
      <UniqueIdentifier>{66864aec-390b-47a8-bddb-b52032630d7a}</UniqueIdentifier>
    </Filter>
    <Filter Include="emulator\fileFormat">
      <UniqueIdentifier>{ed31734c-f010-4590-9f01-18e0b2497ffb}</UniqueIdentifier>
    </Filter>
  </ItemGroup>
  <ItemGroup>
    <ClCompile Include="main.cpp">
      <Filter>Source Files</Filter>
    </ClCompile>
    <ClCompile Include="gui\shadps4gui.cpp">
      <Filter>gui</Filter>
    </ClCompile>
    <ClCompile Include="gui\GameListViewer.cpp">
      <Filter>gui</Filter>
    </ClCompile>
    <ClCompile Include="core\FsFile.cpp">
      <Filter>Core</Filter>
    </ClCompile>
    <ClCompile Include="emulator\fileFormat\PSF.cpp">
      <Filter>emulator\fileFormat</Filter>
    </ClCompile>
    <ClCompile Include="emulator\Loader.cpp">
      <Filter>emulator</Filter>
    </ClCompile>
    <ClCompile Include="emulator\fileFormat\PKG.cpp">
      <Filter>emulator\fileFormat</Filter>
    </ClCompile>
    <ClCompile Include="gui\gui_settings.cpp">
      <Filter>gui</Filter>
    </ClCompile>
    <ClCompile Include="gui\custom_table_widget_item.cpp">
      <Filter>gui</Filter>
    </ClCompile>
    <ClCompile Include="gui\game_list_table.cpp">
      <Filter>gui</Filter>
    </ClCompile>
    <ClCompile Include="gui\game_list_grid_delegate.cpp">
      <Filter>gui</Filter>
    </ClCompile>
    <ClCompile Include="gui\game_list_grid.cpp">
      <Filter>gui</Filter>
    </ClCompile>
    <ClCompile Include="gui\game_list_frame.cpp">
      <Filter>gui</Filter>
    </ClCompile>
    <ClCompile Include="gui\settings.cpp">
      <Filter>gui</Filter>
    </ClCompile>
  </ItemGroup>
  <ItemGroup>
    <QtUic Include="gui\shadps4gui.ui">
      <Filter>Form Files</Filter>
    </QtUic>
  </ItemGroup>
  <ItemGroup>
    <QtMoc Include="gui\shadps4gui.h">
      <Filter>gui</Filter>
    </QtMoc>
    <QtMoc Include="gui\GameListViewer.h">
      <Filter>gui</Filter>
    </QtMoc>
    <QtMoc Include="gui\game_list_grid.h">
      <Filter>gui</Filter>
    </QtMoc>
    <QtMoc Include="gui\game_list_frame.h">
      <Filter>gui</Filter>
    </QtMoc>
    <QtMoc Include="gui\settings.h">
      <Filter>gui</Filter>
    </QtMoc>
    <QtMoc Include="gui\gui_settings.h">
      <Filter>gui</Filter>
    </QtMoc>
  </ItemGroup>
  <ItemGroup>
    <ClInclude Include="Types.h">
      <Filter>Header Files</Filter>
    </ClInclude>
    <ClInclude Include="core\FsFile.h">
      <Filter>Core</Filter>
    </ClInclude>
    <ClInclude Include="emulator\fileFormat\PSF.h">
      <Filter>emulator\fileFormat</Filter>
    </ClInclude>
    <ClInclude Include="emulator\Loader.h">
      <Filter>emulator</Filter>
    </ClInclude>
    <ClInclude Include="emulator\fileFormat\PKG.h">
      <Filter>emulator\fileFormat</Filter>
    </ClInclude>
    <ClInclude Include="emulator\gameInfo.h">
      <Filter>Header Files</Filter>
    </ClInclude>
    <ClInclude Include="gui\custom_table_widget_item.h">
      <Filter>gui</Filter>
    </ClInclude>
    <ClInclude Include="gui\game_list_table.h">
      <Filter>gui</Filter>
    </ClInclude>
    <ClInclude Include="gui\game_list_grid_delegate.h">
      <Filter>gui</Filter>
    </ClInclude>
    <ClInclude Include="gui\gui_save.h">
      <Filter>gui</Filter>
    </ClInclude>
  </ItemGroup>
  <ItemGroup>
    <None Include="cpp.hint" />
  </ItemGroup>
</Project>